
Microsoft Visual Studio Solution File, Format Version 12.00
# Visual Studio Version 17
VisualStudioVersion = 17.9.34728.123
MinimumVisualStudioVersion = 10.0.40219.1
Project("{9A19103F-16F7-4668-BE54-9A1E7A4F7556}") = "Catalogo", "Catalogo\Catalogo\Catalogo.csproj", "{F752D851-6C85-493A-8C0B-3B0302D8DF80}"
EndProject
Project("{9A19103F-16F7-4668-BE54-9A1E7A4F7556}") = "Catalogo.Client", "Catalogo\Catalogo.Client\Catalogo.Client.csproj", "{6F0F848F-473E-4EB8-B84D-17201BA42B36}"
EndProject
Global
	GlobalSection(SolutionConfigurationPlatforms) = preSolution
		Debug|Any CPU = Debug|Any CPU
		Release|Any CPU = Release|Any CPU
	EndGlobalSection
	GlobalSection(ProjectConfigurationPlatforms) = postSolution
		{F752D851-6C85-493A-8C0B-3B0302D8DF80}.Debug|Any CPU.ActiveCfg = Debug|Any CPU
		{F752D851-6C85-493A-8C0B-3B0302D8DF80}.Debug|Any CPU.Build.0 = Debug|Any CPU
		{F752D851-6C85-493A-8C0B-3B0302D8DF80}.Release|Any CPU.ActiveCfg = Release|Any CPU
		{F752D851-6C85-493A-8C0B-3B0302D8DF80}.Release|Any CPU.Build.0 = Release|Any CPU
		{6F0F848F-473E-4EB8-B84D-17201BA42B36}.Debug|Any CPU.ActiveCfg = Debug|Any CPU
		{6F0F848F-473E-4EB8-B84D-17201BA42B36}.Debug|Any CPU.Build.0 = Debug|Any CPU
		{6F0F848F-473E-4EB8-B84D-17201BA42B36}.Release|Any CPU.ActiveCfg = Release|Any CPU
		{6F0F848F-473E-4EB8-B84D-17201BA42B36}.Release|Any CPU.Build.0 = Release|Any CPU
	EndGlobalSection
	GlobalSection(SolutionProperties) = preSolution
		HideSolutionNode = FALSE
	EndGlobalSection
	GlobalSection(ExtensibilityGlobals) = postSolution
		SolutionGuid = {B2DCBC25-5159-4E43-93D9-0B3F02688FA6}
	EndGlobalSection
EndGlobal
